
Microsoft Visual Studio Solution File, Format Version 12.00
# Visual Studio Version 16
VisualStudioVersion = 16.0.30114.105
MinimumVisualStudioVersion = 10.0.40219.1
Project("{FAE04EC0-301F-11D3-BF4B-00C04F79EFBC}") = "MilesPerGallonExercise", "MilesPerGallonExercise\MilesPerGallonExercise.csproj", "{9EFDF65B-A6A2-4BD5-A5BA-E3FB92ACCE3A}"
EndProject
Global
	GlobalSection(SolutionConfigurationPlatforms) = preSolution
		Debug|Any CPU = Debug|Any CPU
		Release|Any CPU = Release|Any CPU
	EndGlobalSection
	GlobalSection(ProjectConfigurationPlatforms) = postSolution
		{9EFDF65B-A6A2-4BD5-A5BA-E3FB92ACCE3A}.Debug|Any CPU.ActiveCfg = Debug|Any CPU
		{9EFDF65B-A6A2-4BD5-A5BA-E3FB92ACCE3A}.Debug|Any CPU.Build.0 = Debug|Any CPU
		{9EFDF65B-A6A2-4BD5-A5BA-E3FB92ACCE3A}.Release|Any CPU.ActiveCfg = Release|Any CPU
		{9EFDF65B-A6A2-4BD5-A5BA-E3FB92ACCE3A}.Release|Any CPU.Build.0 = Release|Any CPU
	EndGlobalSection
	GlobalSection(SolutionProperties) = preSolution
		HideSolutionNode = FALSE
	EndGlobalSection
	GlobalSection(ExtensibilityGlobals) = postSolution
		SolutionGuid = {CDC11BC9-373B-405C-AD3A-8D7119CF6C67}
	EndGlobalSection
EndGlobal
